<?xml version="1.0" encoding="utf-8"?>
<Project ToolsVersion="4.0" xmlns="http://schemas.microsoft.com/developer/msbuild/2003">
  <ItemGroup>
    <Filter Include="win32">
      <UniqueIdentifier>{84a8ebd7-7cf0-47f6-b75e-d441df67da40}</UniqueIdentifier>
    </Filter>
    <Filter Include="resource">
      <UniqueIdentifier>{715254bc-d70b-4ec5-bf29-467dd3ace079}</UniqueIdentifier>
    </Filter>
    <Filter Include="src">
      <UniqueIdentifier>{bb6c862e-70e9-49d9-81b7-3829a6f50471}</UniqueIdentifier>
    </Filter>
  </ItemGroup>
  <ItemGroup>
    <ClCompile Include="main.cpp">
      <Filter>win32</Filter>
    </ClCompile>
    <ClCompile Include="..\Classes\AppDelegate.cpp">
      <Filter>src</Filter>
    </ClCompile>
    <ClCompile Include="..\Classes\TestAlertBoxController.cpp">
      <Filter>src</Filter>
    </ClCompile>
    <ClCompile Include="..\Classes\TestAlignmentController.cpp">
      <Filter>src</Filter>
    </ClCompile>
    <ClCompile Include="..\Classes\TestCaseController.cpp">
      <Filter>src</Filter>
    </ClCompile>
    <ClCompile Include="..\Classes\TestDockController.cpp">
      <Filter>src</Filter>
    </ClCompile>
    <ClCompile Include="..\Classes\TestHomeController.cpp">
      <Filter>src</Filter>
    </ClCompile>
    <ClCompile Include="..\Classes\TestHttpFetcherController.cpp">
      <Filter>src</Filter>
    </ClCompile>
    <ClCompile Include="..\Classes\TestLabelBindingController.cpp">
      <Filter>src</Filter>
    </ClCompile>
    <ClCompile Include="..\Classes\TestLoadingController.cpp">
      <Filter>src</Filter>
    </ClCompile>
    <ClCompile Include="..\Classes\TestPageViewController.cpp">
      <Filter>src</Filter>
    </ClCompile>
    <ClCompile Include="..\Classes\TestProgressController.cpp">
      <Filter>src</Filter>
    </ClCompile>
    <ClCompile Include="..\Classes\TestSliderController.cpp">
      <Filter>src</Filter>
    </ClCompile>
    <ClCompile Include="..\Classes\TestStageController.cpp">
      <Filter>src</Filter>
    </ClCompile>
    <ClCompile Include="..\Classes\TestTriggerController.cpp">
      <Filter>src</Filter>
    </ClCompile>
    <ClCompile Include="..\Classes\TestUINodesController.cpp">
      <Filter>src</Filter>
    </ClCompile>
    <ClCompile Include="..\Classes\TestLogFileController.cpp">
      <Filter>src</Filter>
    </ClCompile>
    <ClCompile Include="..\Classes\TestLanguageController.cpp">
      <Filter>src</Filter>
    </ClCompile>
    <ClCompile Include="..\Classes\TestFSMController.cpp">
      <Filter>src</Filter>
    </ClCompile>
  </ItemGroup>
  <ItemGroup>
    <ClInclude Include="main.h">
      <Filter>win32</Filter>
    </ClInclude>
    <ClInclude Include="..\Classes\AppDelegate.h">
      <Filter>src</Filter>
    </ClInclude>
    <ClInclude Include="..\Classes\TestAlertBoxController.h">
      <Filter>src</Filter>
    </ClInclude>
    <ClInclude Include="..\Classes\TestAlignmentController.h">
      <Filter>src</Filter>
    </ClInclude>
    <ClInclude Include="..\Classes\TestCaseController.h">
      <Filter>src</Filter>
    </ClInclude>
    <ClInclude Include="..\Classes\TestDockController.h">
      <Filter>src</Filter>
    </ClInclude>
    <ClInclude Include="..\Classes\TestHomeController.h">
      <Filter>src</Filter>
    </ClInclude>
    <ClInclude Include="..\Classes\TestHttpFetcherController.h">
      <Filter>src</Filter>
    </ClInclude>
    <ClInclude Include="..\Classes\TestLabelBindingController.h">
      <Filter>src</Filter>
    </ClInclude>
    <ClInclude Include="..\Classes\TestLoadingController.h">
      <Filter>src</Filter>
    </ClInclude>
    <ClInclude Include="..\Classes\TestPageViewController.h">
      <Filter>src</Filter>
    </ClInclude>
    <ClInclude Include="..\Classes\TestProgressController.h">
      <Filter>src</Filter>
    </ClInclude>
    <ClInclude Include="..\Classes\TestSliderController.h">
      <Filter>src</Filter>
    </ClInclude>
    <ClInclude Include="..\Classes\TestStageController.h">
      <Filter>src</Filter>
    </ClInclude>
    <ClInclude Include="..\Classes\TestTriggerController.h">
      <Filter>src</Filter>
    </ClInclude>
    <ClInclude Include="..\Classes\TestUINodesController.h">
      <Filter>src</Filter>
    </ClInclude>
    <ClInclude Include="..\Classes\TestLogFileController.h">
      <Filter>src</Filter>
    </ClInclude>
    <ClInclude Include="..\Classes\TestLanguageController.h">
      <Filter>src</Filter>
    </ClInclude>
    <ClInclude Include="..\Classes\TestFSMController.h">
      <Filter>src</Filter>
    </ClInclude>
  </ItemGroup>
  <ItemGroup>
    <ResourceCompile Include="game.rc">
      <Filter>resource</Filter>
    </ResourceCompile>
  </ItemGroup>
</Project>